
Microsoft Visual Studio Solution File, Format Version 12.00
# Visual Studio Express 2013 for Windows Desktop
VisualStudioVersion = 12.0.21005.1
MinimumVisualStudioVersion = 10.0.40219.1
Project("{FAE04EC0-301F-11D3-BF4B-00C04F79EFBC}") = "PruebaConexionConMail", "PruebaConexionConMail\PruebaConexionConMail.csproj", "{5568CC32-305C-4878-8421-9B987A2955BD}"
EndProject
Project("{FAE04EC0-301F-11D3-BF4B-00C04F79EFBC}") = "PruebaRecepcionMail", "PruebaRecepcionMail\PruebaRecepcionMail.csproj", "{F91283DB-389D-4785-A9E2-52AB4076512B}"
EndProject
Global
	GlobalSection(SolutionConfigurationPlatforms) = preSolution
		Debug|Any CPU = Debug|Any CPU
		Release|Any CPU = Release|Any CPU
	EndGlobalSection
	GlobalSection(ProjectConfigurationPlatforms) = postSolution
		{5568CC32-305C-4878-8421-9B987A2955BD}.Debug|Any CPU.ActiveCfg = Debug|Any CPU
		{5568CC32-305C-4878-8421-9B987A2955BD}.Debug|Any CPU.Build.0 = Debug|Any CPU
		{5568CC32-305C-4878-8421-9B987A2955BD}.Release|Any CPU.ActiveCfg = Release|Any CPU
		{5568CC32-305C-4878-8421-9B987A2955BD}.Release|Any CPU.Build.0 = Release|Any CPU
		{F91283DB-389D-4785-A9E2-52AB4076512B}.Debug|Any CPU.ActiveCfg = Debug|Any CPU
		{F91283DB-389D-4785-A9E2-52AB4076512B}.Debug|Any CPU.Build.0 = Debug|Any CPU
		{F91283DB-389D-4785-A9E2-52AB4076512B}.Release|Any CPU.ActiveCfg = Release|Any CPU
		{F91283DB-389D-4785-A9E2-52AB4076512B}.Release|Any CPU.Build.0 = Release|Any CPU
	EndGlobalSection
	GlobalSection(SolutionProperties) = preSolution
		HideSolutionNode = FALSE
	EndGlobalSection
EndGlobal
